// !$*UTF8*$!
{
	archiveVersion = 1;
	classes = {
	};
	objectVersion = 48;
	objects = {

/* Begin PBXBuildFile section */
		4842099E1FA0BDDB000488D2 /* TrackerTableViewController.m in Sources */ = {isa = PBXBuildFile; fileRef = 4842099D1FA0BDDB000488D2 /* TrackerTableViewController.m */; };
		484209A21FA0DBF4000488D2 /* LocationManager.m in Sources */ = {isa = PBXBuildFile; fileRef = 484209A11FA0DBF4000488D2 /* LocationManager.m */; };
		484209AE1FA1119E000488D2 /* TransitTracker.m in Sources */ = {isa = PBXBuildFile; fileRef = 484209AD1FA1119E000488D2 /* TransitTracker.m */; };
		48AAB34A1FA1240800CFE594 /* Transit.m in Sources */ = {isa = PBXBuildFile; fileRef = 48AAB3461FA1240800CFE594 /* Transit.m */; };
		48AAB34B1FA1240800CFE594 /* Placemark.m in Sources */ = {isa = PBXBuildFile; fileRef = 48AAB3491FA1240800CFE594 /* Placemark.m */; };
		48AAB3511FA1498A00CFE594 /* PlacemarkTableViewCell.m in Sources */ = {isa = PBXBuildFile; fileRef = 48AAB3501FA1498A00CFE594 /* PlacemarkTableViewCell.m */; };
		48AAB3541FA149A000CFE594 /* PlacemarkTransitTableViewCell.m in Sources */ = {isa = PBXBuildFile; fileRef = 48AAB3531FA149A000CFE594 /* PlacemarkTransitTableViewCell.m */; };
		48CAC5CD1FA0AD610039A2E2 /* AppDelegate.m in Sources */ = {isa = PBXBuildFile; fileRef = 48CAC5CC1FA0AD610039A2E2 /* AppDelegate.m */; };
		48CAC5D31FA0AD610039A2E2 /* Main.storyboard in Resources */ = {isa = PBXBuildFile; fileRef = 48CAC5D11FA0AD610039A2E2 /* Main.storyboard */; };
		48CAC5D51FA0AD610039A2E2 /* Assets.xcassets in Resources */ = {isa = PBXBuildFile; fileRef = 48CAC5D41FA0AD610039A2E2 /* Assets.xcassets */; };
		48CAC5D81FA0AD610039A2E2 /* LaunchScreen.storyboard in Resources */ = {isa = PBXBuildFile; fileRef = 48CAC5D61FA0AD610039A2E2 /* LaunchScreen.storyboard */; };
		48CAC5DB1FA0AD610039A2E2 /* main.m in Sources */ = {isa = PBXBuildFile; fileRef = 48CAC5DA1FA0AD610039A2E2 /* main.m */; };
		48CAC5F21FA0B0C30039A2E2 /* WelcomeViewController.m in Sources */ = {isa = PBXBuildFile; fileRef = 48CAC5F11FA0B0C30039A2E2 /* WelcomeViewController.m */; };
		48CAC5F61FA0B8E70039A2E2 /* InterfaceUtilities.m in Sources */ = {isa = PBXBuildFile; fileRef = 48CAC5F51FA0B8E70039A2E2 /* InterfaceUtilities.m */; };
		48CF72601FA235C800652479 /* TimelyMovesTests.m in Sources */ = {isa = PBXBuildFile; fileRef = 48CF725F1FA235C800652479 /* TimelyMovesTests.m */; };
		FACD0B6513AF8B953EA9ABCB /* libPods-TimelyMoves.a in Frameworks */ = {isa = PBXBuildFile; fileRef = 5F230DD288B17F1A8F68BB69 /* libPods-TimelyMoves.a */; };
/* End PBXBuildFile section */

/* Begin PBXContainerItemProxy section */
		48CF72621FA235C900652479 /* PBXContainerItemProxy */ = {
			isa = PBXContainerItemProxy;
			containerPortal = 48CAC5C01FA0AD610039A2E2 /* Project object */;
			proxyType = 1;
			remoteGlobalIDString = 48CAC5C71FA0AD610039A2E2;
			remoteInfo = TimelyMoves;
		};
/* End PBXContainerItemProxy section */

/* Begin PBXFileReference section */
		4842099C1FA0BDDB000488D2 /* TrackerTableViewController.h */ = {isa = PBXFileReference; lastKnownFileType = sourcecode.c.h; path = TrackerTableViewController.h; sourceTree = "<group>"; };
		4842099D1FA0BDDB000488D2 /* TrackerTableViewController.m */ = {isa = PBXFileReference; lastKnownFileType = sourcecode.c.objc; path = TrackerTableViewController.m; sourceTree = "<group>"; };
		484209A01FA0DBF4000488D2 /* LocationManager.h */ = {isa = PBXFileReference; lastKnownFileType = sourcecode.c.h; path = LocationManager.h; sourceTree = "<group>"; };
		484209A11FA0DBF4000488D2 /* LocationManager.m */ = {isa = PBXFileReference; lastKnownFileType = sourcecode.c.objc; path = LocationManager.m; sourceTree = "<group>"; };
		484209AC1FA1119E000488D2 /* TransitTracker.h */ = {isa = PBXFileReference; lastKnownFileType = sourcecode.c.h; path = TransitTracker.h; sourceTree = "<group>"; };
		484209AD1FA1119E000488D2 /* TransitTracker.m */ = {isa = PBXFileReference; lastKnownFileType = sourcecode.c.objc; path = TransitTracker.m; sourceTree = "<group>"; };
		48AAB3461FA1240800CFE594 /* Transit.m */ = {isa = PBXFileReference; fileEncoding = 4; lastKnownFileType = sourcecode.c.objc; name = Transit.m; path = TimelyMoves/Objects/Transit.m; sourceTree = SOURCE_ROOT; };
		48AAB3471FA1240800CFE594 /* Placemark.h */ = {isa = PBXFileReference; fileEncoding = 4; lastKnownFileType = sourcecode.c.h; name = Placemark.h; path = TimelyMoves/Objects/Placemark.h; sourceTree = SOURCE_ROOT; };
		48AAB3481FA1240800CFE594 /* Transit.h */ = {isa = PBXFileReference; fileEncoding = 4; lastKnownFileType = sourcecode.c.h; name = Transit.h; path = TimelyMoves/Objects/Transit.h; sourceTree = SOURCE_ROOT; };
		48AAB3491FA1240800CFE594 /* Placemark.m */ = {isa = PBXFileReference; fileEncoding = 4; lastKnownFileType = sourcecode.c.objc; name = Placemark.m; path = TimelyMoves/Objects/Placemark.m; sourceTree = SOURCE_ROOT; };
		48AAB34F1FA1498A00CFE594 /* PlacemarkTableViewCell.h */ = {isa = PBXFileReference; lastKnownFileType = sourcecode.c.h; name = PlacemarkTableViewCell.h; path = TimelyMoves/TableViewCells/PlacemarkTableViewCell.h; sourceTree = SOURCE_ROOT; };
		48AAB3501FA1498A00CFE594 /* PlacemarkTableViewCell.m */ = {isa = PBXFileReference; lastKnownFileType = sourcecode.c.objc; name = PlacemarkTableViewCell.m; path = TimelyMoves/TableViewCells/PlacemarkTableViewCell.m; sourceTree = SOURCE_ROOT; };
		48AAB3521FA149A000CFE594 /* PlacemarkTransitTableViewCell.h */ = {isa = PBXFileReference; lastKnownFileType = sourcecode.c.h; name = PlacemarkTransitTableViewCell.h; path = TimelyMoves/TableViewCells/PlacemarkTransitTableViewCell.h; sourceTree = SOURCE_ROOT; };
		48AAB3531FA149A000CFE594 /* PlacemarkTransitTableViewCell.m */ = {isa = PBXFileReference; lastKnownFileType = sourcecode.c.objc; name = PlacemarkTransitTableViewCell.m; path = TimelyMoves/TableViewCells/PlacemarkTransitTableViewCell.m; sourceTree = SOURCE_ROOT; };
		48CAC5C81FA0AD610039A2E2 /* TimelyMoves.app */ = {isa = PBXFileReference; explicitFileType = wrapper.application; includeInIndex = 0; path = TimelyMoves.app; sourceTree = BUILT_PRODUCTS_DIR; };
		48CAC5CB1FA0AD610039A2E2 /* AppDelegate.h */ = {isa = PBXFileReference; lastKnownFileType = sourcecode.c.h; path = AppDelegate.h; sourceTree = "<group>"; };
		48CAC5CC1FA0AD610039A2E2 /* AppDelegate.m */ = {isa = PBXFileReference; lastKnownFileType = sourcecode.c.objc; path = AppDelegate.m; sourceTree = "<group>"; };
		48CAC5D21FA0AD610039A2E2 /* Base */ = {isa = PBXFileReference; lastKnownFileType = file.storyboard; name = Base; path = Base.lproj/Main.storyboard; sourceTree = "<group>"; };
		48CAC5D41FA0AD610039A2E2 /* Assets.xcassets */ = {isa = PBXFileReference; lastKnownFileType = folder.assetcatalog; path = Assets.xcassets; sourceTree = "<group>"; };
		48CAC5D71FA0AD610039A2E2 /* Base */ = {isa = PBXFileReference; lastKnownFileType = file.storyboard; name = Base; path = Base.lproj/LaunchScreen.storyboard; sourceTree = "<group>"; };
		48CAC5D91FA0AD610039A2E2 /* Info.plist */ = {isa = PBXFileReference; lastKnownFileType = text.plist.xml; path = Info.plist; sourceTree = "<group>"; };
		48CAC5DA1FA0AD610039A2E2 /* main.m */ = {isa = PBXFileReference; lastKnownFileType = sourcecode.c.objc; path = main.m; sourceTree = "<group>"; };
		48CAC5F01FA0B0C30039A2E2 /* WelcomeViewController.h */ = {isa = PBXFileReference; lastKnownFileType = sourcecode.c.h; path = WelcomeViewController.h; sourceTree = "<group>"; };
		48CAC5F11FA0B0C30039A2E2 /* WelcomeViewController.m */ = {isa = PBXFileReference; lastKnownFileType = sourcecode.c.objc; path = WelcomeViewController.m; sourceTree = "<group>"; };
		48CAC5F41FA0B8E70039A2E2 /* InterfaceUtilities.h */ = {isa = PBXFileReference; lastKnownFileType = sourcecode.c.h; path = InterfaceUtilities.h; sourceTree = "<group>"; };
		48CAC5F51FA0B8E70039A2E2 /* InterfaceUtilities.m */ = {isa = PBXFileReference; lastKnownFileType = sourcecode.c.objc; path = InterfaceUtilities.m; sourceTree = "<group>"; };
		48CF725D1FA235C800652479 /* TimelyMovesTests.xctest */ = {isa = PBXFileReference; explicitFileType = wrapper.cfbundle; includeInIndex = 0; path = TimelyMovesTests.xctest; sourceTree = BUILT_PRODUCTS_DIR; };
		48CF725F1FA235C800652479 /* TimelyMovesTests.m */ = {isa = PBXFileReference; lastKnownFileType = sourcecode.c.objc; path = TimelyMovesTests.m; sourceTree = "<group>"; };
		48CF72611FA235C900652479 /* Info.plist */ = {isa = PBXFileReference; lastKnownFileType = text.plist.xml; path = Info.plist; sourceTree = "<group>"; };
		5F230DD288B17F1A8F68BB69 /* libPods-TimelyMoves.a */ = {isa = PBXFileReference; explicitFileType = archive.ar; includeInIndex = 0; path = "libPods-TimelyMoves.a"; sourceTree = BUILT_PRODUCTS_DIR; };
		D7F68077C2F6D520C34F22E7 /* Pods-TimelyMoves.release.xcconfig */ = {isa = PBXFileReference; includeInIndex = 1; lastKnownFileType = text.xcconfig; name = "Pods-TimelyMoves.release.xcconfig"; path = "Pods/Target Support Files/Pods-TimelyMoves/Pods-TimelyMoves.release.xcconfig"; sourceTree = "<group>"; };
		EA9CA8D7C6270F46503714D7 /* Pods-TimelyMoves.debug.xcconfig */ = {isa = PBXFileReference; includeInIndex = 1; lastKnownFileType = text.xcconfig; name = "Pods-TimelyMoves.debug.xcconfig"; path = "Pods/Target Support Files/Pods-TimelyMoves/Pods-TimelyMoves.debug.xcconfig"; sourceTree = "<group>"; };
/* End PBXFileReference section */

/* Begin PBXFrameworksBuildPhase section */
		48CAC5C51FA0AD610039A2E2 /* Frameworks */ = {
			isa = PBXFrameworksBuildPhase;
			buildActionMask = 2147483647;
			files = (
				FACD0B6513AF8B953EA9ABCB /* libPods-TimelyMoves.a in Frameworks */,
			);
			runOnlyForDeploymentPostprocessing = 0;
		};
		48CF725A1FA235C800652479 /* Frameworks */ = {
			isa = PBXFrameworksBuildPhase;
			buildActionMask = 2147483647;
			files = (
			);
			runOnlyForDeploymentPostprocessing = 0;
		};
/* End PBXFrameworksBuildPhase section */

/* Begin PBXGroup section */
		29005DDA6FBBF9D7940BAA2D /* Pods */ = {
			isa = PBXGroup;
			children = (
				EA9CA8D7C6270F46503714D7 /* Pods-TimelyMoves.debug.xcconfig */,
				D7F68077C2F6D520C34F22E7 /* Pods-TimelyMoves.release.xcconfig */,
			);
			name = Pods;
			sourceTree = "<group>";
		};
		4842099F1FA0DBD1000488D2 /* Tracking Management */ = {
			isa = PBXGroup;
			children = (
				484209A01FA0DBF4000488D2 /* LocationManager.h */,
				484209A11FA0DBF4000488D2 /* LocationManager.m */,
				484209AC1FA1119E000488D2 /* TransitTracker.h */,
				484209AD1FA1119E000488D2 /* TransitTracker.m */,
			);
			path = "Tracking Management";
			sourceTree = "<group>";
		};
		48AAB3451FA123FD00CFE594 /* Objects */ = {
			isa = PBXGroup;
			children = (
				48AAB3471FA1240800CFE594 /* Placemark.h */,
				48AAB3491FA1240800CFE594 /* Placemark.m */,
				48AAB3481FA1240800CFE594 /* Transit.h */,
				48AAB3461FA1240800CFE594 /* Transit.m */,
			);
			name = Objects;
			path = "New Group";
			sourceTree = "<group>";
		};
		48AAB34E1FA1496800CFE594 /* TableViewCells */ = {
			isa = PBXGroup;
			children = (
				48AAB34F1FA1498A00CFE594 /* PlacemarkTableViewCell.h */,
				48AAB3501FA1498A00CFE594 /* PlacemarkTableViewCell.m */,
				48AAB3521FA149A000CFE594 /* PlacemarkTransitTableViewCell.h */,
				48AAB3531FA149A000CFE594 /* PlacemarkTransitTableViewCell.m */,
			);
			name = TableViewCells;
			path = "New Group1";
			sourceTree = "<group>";
		};
		48CAC5BF1FA0AD610039A2E2 = {
			isa = PBXGroup;
			children = (
				48CAC5CA1FA0AD610039A2E2 /* TimelyMoves */,
				48CF725E1FA235C800652479 /* TimelyMovesTests */,
				48CAC5C91FA0AD610039A2E2 /* Products */,
				29005DDA6FBBF9D7940BAA2D /* Pods */,
				EAFA70DF992CEA285D68051C /* Frameworks */,
			);
			sourceTree = "<group>";
		};
		48CAC5C91FA0AD610039A2E2 /* Products */ = {
			isa = PBXGroup;
			children = (
				48CAC5C81FA0AD610039A2E2 /* TimelyMoves.app */,
				48CF725D1FA235C800652479 /* TimelyMovesTests.xctest */,
			);
			name = Products;
			sourceTree = "<group>";
		};
		48CAC5CA1FA0AD610039A2E2 /* TimelyMoves */ = {
			isa = PBXGroup;
			children = (
				48AAB34E1FA1496800CFE594 /* TableViewCells */,
				48AAB3451FA123FD00CFE594 /* Objects */,
				4842099F1FA0DBD1000488D2 /* Tracking Management */,
				48CAC5EF1FA0AEFC0039A2E2 /* ViewControllers */,
				48CAC5F31FA0B4F40039A2E2 /* Utilities */,
				48CAC5CB1FA0AD610039A2E2 /* AppDelegate.h */,
				48CAC5CC1FA0AD610039A2E2 /* AppDelegate.m */,
				48CAC5D11FA0AD610039A2E2 /* Main.storyboard */,
				48CAC5D41FA0AD610039A2E2 /* Assets.xcassets */,
				48CAC5D61FA0AD610039A2E2 /* LaunchScreen.storyboard */,
				48CAC5D91FA0AD610039A2E2 /* Info.plist */,
				48CAC5DA1FA0AD610039A2E2 /* main.m */,
			);
			path = TimelyMoves;
			sourceTree = "<group>";
		};
		48CAC5EF1FA0AEFC0039A2E2 /* ViewControllers */ = {
			isa = PBXGroup;
			children = (
				48CAC5F01FA0B0C30039A2E2 /* WelcomeViewController.h */,
				48CAC5F11FA0B0C30039A2E2 /* WelcomeViewController.m */,
				4842099C1FA0BDDB000488D2 /* TrackerTableViewController.h */,
				4842099D1FA0BDDB000488D2 /* TrackerTableViewController.m */,
			);
			path = ViewControllers;
			sourceTree = "<group>";
		};
		48CAC5F31FA0B4F40039A2E2 /* Utilities */ = {
			isa = PBXGroup;
			children = (
				48CAC5F41FA0B8E70039A2E2 /* InterfaceUtilities.h */,
				48CAC5F51FA0B8E70039A2E2 /* InterfaceUtilities.m */,
			);
			path = Utilities;
			sourceTree = "<group>";
		};
		48CF725E1FA235C800652479 /* TimelyMovesTests */ = {
			isa = PBXGroup;
			children = (
				48CF725F1FA235C800652479 /* TimelyMovesTests.m */,
				48CF72611FA235C900652479 /* Info.plist */,
			);
			path = TimelyMovesTests;
			sourceTree = "<group>";
		};
		EAFA70DF992CEA285D68051C /* Frameworks */ = {
			isa = PBXGroup;
			children = (
				5F230DD288B17F1A8F68BB69 /* libPods-TimelyMoves.a */,
			);
			name = Frameworks;
			sourceTree = "<group>";
		};
/* End PBXGroup section */

/* Begin PBXNativeTarget section */
		48CAC5C71FA0AD610039A2E2 /* TimelyMoves */ = {
			isa = PBXNativeTarget;
			buildConfigurationList = 48CAC5DE1FA0AD610039A2E2 /* Build configuration list for PBXNativeTarget "TimelyMoves" */;
			buildPhases = (
				D152F6E18DCEEED731FADA27 /* [CP] Check Pods Manifest.lock */,
				48CAC5C41FA0AD610039A2E2 /* Sources */,
				48CAC5C51FA0AD610039A2E2 /* Frameworks */,
				48CAC5C61FA0AD610039A2E2 /* Resources */,
				CAEA3E77FBD7D07C16CC988B /* [CP] Embed Pods Frameworks */,
				684810D9ABFF2ECD6512BEE4 /* [CP] Copy Pods Resources */,
			);
			buildRules = (
			);
			dependencies = (
			);
			name = TimelyMoves;
			productName = TimelyMoves;
			productReference = 48CAC5C81FA0AD610039A2E2 /* TimelyMoves.app */;
			productType = "com.apple.product-type.application";
		};
		48CF725C1FA235C800652479 /* TimelyMovesTests */ = {
			isa = PBXNativeTarget;
			buildConfigurationList = 48CF72661FA235C900652479 /* Build configuration list for PBXNativeTarget "TimelyMovesTests" */;
			buildPhases = (
				48CF72591FA235C800652479 /* Sources */,
				48CF725A1FA235C800652479 /* Frameworks */,
				48CF725B1FA235C800652479 /* Resources */,
			);
			buildRules = (
			);
			dependencies = (
				48CF72631FA235C900652479 /* PBXTargetDependency */,
			);
			name = TimelyMovesTests;
			productName = TimelyMovesTests;
			productReference = 48CF725D1FA235C800652479 /* TimelyMovesTests.xctest */;
			productType = "com.apple.product-type.bundle.unit-test";
		};
/* End PBXNativeTarget section */

/* Begin PBXProject section */
		48CAC5C01FA0AD610039A2E2 /* Project object */ = {
			isa = PBXProject;
			attributes = {
				LastUpgradeCheck = 0900;
				ORGANIZATIONNAME = "Daniel Bolivar herrera";
				TargetAttributes = {
					48CAC5C71FA0AD610039A2E2 = {
						CreatedOnToolsVersion = 9.0.1;
						ProvisioningStyle = Automatic;
					};
					48CF725C1FA235C800652479 = {
						CreatedOnToolsVersion = 9.0.1;
						ProvisioningStyle = Automatic;
						TestTargetID = 48CAC5C71FA0AD610039A2E2;
					};
				};
			};
			buildConfigurationList = 48CAC5C31FA0AD610039A2E2 /* Build configuration list for PBXProject "TimelyMoves" */;
			compatibilityVersion = "Xcode 8.0";
			developmentRegion = en;
			hasScannedForEncodings = 0;
			knownRegions = (
				en,
				Base,
			);
			mainGroup = 48CAC5BF1FA0AD610039A2E2;
			productRefGroup = 48CAC5C91FA0AD610039A2E2 /* Products */;
			projectDirPath = "";
			projectRoot = "";
			targets = (
				48CAC5C71FA0AD610039A2E2 /* TimelyMoves */,
				48CF725C1FA235C800652479 /* TimelyMovesTests */,
			);
		};
/* End PBXProject section */

/* Begin PBXResourcesBuildPhase section */
		48CAC5C61FA0AD610039A2E2 /* Resources */ = {
			isa = PBXResourcesBuildPhase;
			buildActionMask = 2147483647;
			files = (
				48CAC5D81FA0AD610039A2E2 /* LaunchScreen.storyboard in Resources */,
				48CAC5D51FA0AD610039A2E2 /* Assets.xcassets in Resources */,
				48CAC5D31FA0AD610039A2E2 /* Main.storyboard in Resources */,
			);
			runOnlyForDeploymentPostprocessing = 0;
		};
		48CF725B1FA235C800652479 /* Resources */ = {
			isa = PBXResourcesBuildPhase;
			buildActionMask = 2147483647;
			files = (
			);
			runOnlyForDeploymentPostprocessing = 0;
		};
/* End PBXResourcesBuildPhase section */

/* Begin PBXShellScriptBuildPhase section */
		684810D9ABFF2ECD6512BEE4 /* [CP] Copy Pods Resources */ = {
			isa = PBXShellScriptBuildPhase;
			buildActionMask = 2147483647;
			files = (
			);
			inputPaths = (
				"${SRCROOT}/Pods/Target Support Files/Pods-TimelyMoves/Pods-TimelyMoves-resources.sh",
				"${PODS_ROOT}/RMessage/RMessage/Resources/RMessageView.xib",
				"${PODS_ROOT}/RMessage/RMessage/Assets/NotificationBackgroundErrorIcon.png",
				"${PODS_ROOT}/RMessage/RMessage/Assets/NotificationBackgroundErrorIcon@2x.png",
				"${PODS_ROOT}/RMessage/RMessage/Assets/NotificationBackgroundSuccessIcon.png",
				"${PODS_ROOT}/RMessage/RMessage/Assets/NotificationBackgroundSuccessIcon@2x.png",
				"${PODS_ROOT}/RMessage/RMessage/Assets/NotificationBackgroundWarningIcon.png",
				"${PODS_ROOT}/RMessage/RMessage/Assets/NotificationBackgroundWarningIcon@2x.png",
				"${PODS_ROOT}/RMessage/RMessage/Assets/NotificationButtonBackground.png",
				"${PODS_ROOT}/RMessage/RMessage/Assets/NotificationButtonBackground@2x.png",
				"${PODS_ROOT}/RMessage/RMessage/Assets/RMessageDefaultDesign.json",
			);
			name = "[CP] Copy Pods Resources";
			outputPaths = (
				"${TARGET_BUILD_DIR}/${UNLOCALIZED_RESOURCES_FOLDER_PATH}",
			);
			runOnlyForDeploymentPostprocessing = 0;
			shellPath = /bin/sh;
			shellScript = "\"${SRCROOT}/Pods/Target Support Files/Pods-TimelyMoves/Pods-TimelyMoves-resources.sh\"\n";
			showEnvVarsInLog = 0;
		};
		CAEA3E77FBD7D07C16CC988B /* [CP] Embed Pods Frameworks */ = {
			isa = PBXShellScriptBuildPhase;
			buildActionMask = 2147483647;
			files = (
			);
			inputPaths = (
				"${SRCROOT}/Pods/Target Support Files/Pods-TimelyMoves/Pods-TimelyMoves-frameworks.sh",
				"${BUILT_PRODUCTS_DIR}/HexColors/HexColors.framework",
				"${BUILT_PRODUCTS_DIR}/NVActivityIndicatorView/NVActivityIndicatorView.framework",
				"${BUILT_PRODUCTS_DIR}/PPTopMostController/PPTopMostController.framework",
				"${BUILT_PRODUCTS_DIR}/RMessage/RMessage.framework",
			);
			name = "[CP] Embed Pods Frameworks";
			outputPaths = (
				"${TARGET_BUILD_DIR}/${FRAMEWORKS_FOLDER_PATH}/HexColors.framework",
				"${TARGET_BUILD_DIR}/${FRAMEWORKS_FOLDER_PATH}/NVActivityIndicatorView.framework",
				"${TARGET_BUILD_DIR}/${FRAMEWORKS_FOLDER_PATH}/PPTopMostController.framework",
				"${TARGET_BUILD_DIR}/${FRAMEWORKS_FOLDER_PATH}/RMessage.framework",
			);
			runOnlyForDeploymentPostprocessing = 0;
			shellPath = /bin/sh;
			shellScript = "\"${SRCROOT}/Pods/Target Support Files/Pods-TimelyMoves/Pods-TimelyMoves-frameworks.sh\"\n";
			showEnvVarsInLog = 0;
		};
		D152F6E18DCEEED731FADA27 /* [CP] Check Pods Manifest.lock */ = {
			isa = PBXShellScriptBuildPhase;
			buildActionMask = 2147483647;
			files = (
			);
			inputPaths = (
				"${PODS_PODFILE_DIR_PATH}/Podfile.lock",
				"${PODS_ROOT}/Manifest.lock",
			);
			name = "[CP] Check Pods Manifest.lock";
			outputPaths = (
				"$(DERIVED_FILE_DIR)/Pods-TimelyMoves-checkManifestLockResult.txt",
			);
			runOnlyForDeploymentPostprocessing = 0;
			shellPath = /bin/sh;
			shellScript = "diff \"${PODS_PODFILE_DIR_PATH}/Podfile.lock\" \"${PODS_ROOT}/Manifest.lock\" > /dev/null\nif [ $? != 0 ] ; then\n    # print error to STDERR\n    echo \"error: The sandbox is not in sync with the Podfile.lock. Run 'pod install' or update your CocoaPods installation.\" >&2\n    exit 1\nfi\n# This output is used by Xcode 'outputs' to avoid re-running this script phase.\necho \"SUCCESS\" > \"${SCRIPT_OUTPUT_FILE_0}\"\n";
			showEnvVarsInLog = 0;
		};
/* End PBXShellScriptBuildPhase section */

/* Begin PBXSourcesBuildPhase section */
		48CAC5C41FA0AD610039A2E2 /* Sources */ = {
			isa = PBXSourcesBuildPhase;
			buildActionMask = 2147483647;
			files = (
				48AAB3541FA149A000CFE594 /* PlacemarkTransitTableViewCell.m in Sources */,
				48AAB3511FA1498A00CFE594 /* PlacemarkTableViewCell.m in Sources */,
				48AAB34B1FA1240800CFE594 /* Placemark.m in Sources */,
				484209AE1FA1119E000488D2 /* TransitTracker.m in Sources */,
				48AAB34A1FA1240800CFE594 /* Transit.m in Sources */,
				484209A21FA0DBF4000488D2 /* LocationManager.m in Sources */,
				48CAC5DB1FA0AD610039A2E2 /* main.m in Sources */,
				48CAC5CD1FA0AD610039A2E2 /* AppDelegate.m in Sources */,
				48CAC5F61FA0B8E70039A2E2 /* InterfaceUtilities.m in Sources */,
				4842099E1FA0BDDB000488D2 /* TrackerTableViewController.m in Sources */,
				48CAC5F21FA0B0C30039A2E2 /* WelcomeViewController.m in Sources */,
			);
			runOnlyForDeploymentPostprocessing = 0;
		};
		48CF72591FA235C800652479 /* Sources */ = {
			isa = PBXSourcesBuildPhase;
			buildActionMask = 2147483647;
			files = (
				48CF72601FA235C800652479 /* TimelyMovesTests.m in Sources */,
			);
			runOnlyForDeploymentPostprocessing = 0;
		};
/* End PBXSourcesBuildPhase section */

/* Begin PBXTargetDependency section */
		48CF72631FA235C900652479 /* PBXTargetDependency */ = {
			isa = PBXTargetDependency;
			target = 48CAC5C71FA0AD610039A2E2 /* TimelyMoves */;
			targetProxy = 48CF72621FA235C900652479 /* PBXContainerItemProxy */;
		};
/* End PBXTargetDependency section */

/* Begin PBXVariantGroup section */
		48CAC5D11FA0AD610039A2E2 /* Main.storyboard */ = {
			isa = PBXVariantGroup;
			children = (
				48CAC5D21FA0AD610039A2E2 /* Base */,
			);
			name = Main.storyboard;
			sourceTree = "<group>";
		};
		48CAC5D61FA0AD610039A2E2 /* LaunchScreen.storyboard */ = {
			isa = PBXVariantGroup;
			children = (
				48CAC5D71FA0AD610039A2E2 /* Base */,
			);
			name = LaunchScreen.storyboard;
			sourceTree = "<group>";
		};
/* End PBXVariantGroup section */

/* Begin XCBuildConfiguration section */
		48CAC5DC1FA0AD610039A2E2 /* Debug */ = {
			isa = XCBuildConfiguration;
			buildSettings = {
				ALWAYS_SEARCH_USER_PATHS = NO;
				CLANG_ANALYZER_NONNULL = YES;
				CLANG_ANALYZER_NUMBER_OBJECT_CONVERSION = YES_AGGRESSIVE;
				CLANG_CXX_LANGUAGE_STANDARD = "gnu++14";
				CLANG_CXX_LIBRARY = "libc++";
				CLANG_ENABLE_MODULES = YES;
				CLANG_ENABLE_OBJC_ARC = YES;
				CLANG_WARN_BLOCK_CAPTURE_AUTORELEASING = YES;
				CLANG_WARN_BOOL_CONVERSION = YES;
				CLANG_WARN_COMMA = YES;
				CLANG_WARN_CONSTANT_CONVERSION = YES;
				CLANG_WARN_DIRECT_OBJC_ISA_USAGE = YES_ERROR;
				CLANG_WARN_DOCUMENTATION_COMMENTS = YES;
				CLANG_WARN_EMPTY_BODY = YES;
				CLANG_WARN_ENUM_CONVERSION = YES;
				CLANG_WARN_INFINITE_RECURSION = YES;
				CLANG_WARN_INT_CONVERSION = YES;
				CLANG_WARN_NON_LITERAL_NULL_CONVERSION = YES;
				CLANG_WARN_OBJC_LITERAL_CONVERSION = YES;
				CLANG_WARN_OBJC_ROOT_CLASS = YES_ERROR;
				CLANG_WARN_RANGE_LOOP_ANALYSIS = YES;
				CLANG_WARN_STRICT_PROTOTYPES = YES;
				CLANG_WARN_SUSPICIOUS_MOVE = YES;
				CLANG_WARN_UNGUARDED_AVAILABILITY = YES_AGGRESSIVE;
				CLANG_WARN_UNREACHABLE_CODE = YES;
				CLANG_WARN__DUPLICATE_METHOD_MATCH = YES;
				CODE_SIGN_IDENTITY = "iPhone Developer";
				COPY_PHASE_STRIP = NO;
				DEBUG_INFORMATION_FORMAT = dwarf;
				ENABLE_STRICT_OBJC_MSGSEND = YES;
				ENABLE_TESTABILITY = YES;
				GCC_C_LANGUAGE_STANDARD = gnu11;
				GCC_DYNAMIC_NO_PIC = NO;
				GCC_NO_COMMON_BLOCKS = YES;
				GCC_OPTIMIZATION_LEVEL = 0;
				GCC_PREPROCESSOR_DEFINITIONS = (
					"DEBUG=1",
					"$(inherited)",
				);
				GCC_WARN_64_TO_32_BIT_CONVERSION = YES;
				GCC_WARN_ABOUT_RETURN_TYPE = YES_ERROR;
				GCC_WARN_UNDECLARED_SELECTOR = YES;
				GCC_WARN_UNINITIALIZED_AUTOS = YES_AGGRESSIVE;
				GCC_WARN_UNUSED_FUNCTION = YES;
				GCC_WARN_UNUSED_VARIABLE = YES;
				IPHONEOS_DEPLOYMENT_TARGET = 11.0;
				MTL_ENABLE_DEBUG_INFO = YES;
				ONLY_ACTIVE_ARCH = YES;
				SDKROOT = iphoneos;
			};
			name = Debug;
		};
		48CAC5DD1FA0AD610039A2E2 /* Release */ = {
			isa = XCBuildConfiguration;
			buildSettings = {
				ALWAYS_SEARCH_USER_PATHS = NO;
				CLANG_ANALYZER_NONNULL = YES;
				CLANG_ANALYZER_NUMBER_OBJECT_CONVERSION = YES_AGGRESSIVE;
				CLANG_CXX_LANGUAGE_STANDARD = "gnu++14";
				CLANG_CXX_LIBRARY = "libc++";
				CLANG_ENABLE_MODULES = YES;
				CLANG_ENABLE_OBJC_ARC = YES;
				CLANG_WARN_BLOCK_CAPTURE_AUTORELEASING = YES;
				CLANG_WARN_BOOL_CONVERSION = YES;
				CLANG_WARN_COMMA = YES;
				CLANG_WARN_CONSTANT_CONVERSION = YES;
				CLANG_WARN_DIRECT_OBJC_ISA_USAGE = YES_ERROR;
				CLANG_WARN_DOCUMENTATION_COMMENTS = YES;
				CLANG_WARN_EMPTY_BODY = YES;
				CLANG_WARN_ENUM_CONVERSION = YES;
				CLANG_WARN_INFINITE_RECURSION = YES;
				CLANG_WARN_INT_CONVERSION = YES;
				CLANG_WARN_NON_LITERAL_NULL_CONVERSION = YES;
				CLANG_WARN_OBJC_LITERAL_CONVERSION = YES;
				CLANG_WARN_OBJC_ROOT_CLASS = YES_ERROR;
				CLANG_WARN_RANGE_LOOP_ANALYSIS = YES;
				CLANG_WARN_STRICT_PROTOTYPES = YES;
				CLANG_WARN_SUSPICIOUS_MOVE = YES;
				CLANG_WARN_UNGUARDED_AVAILABILITY = YES_AGGRESSIVE;
				CLANG_WARN_UNREACHABLE_CODE = YES;
				CLANG_WARN__DUPLICATE_METHOD_MATCH = YES;
				CODE_SIGN_IDENTITY = "iPhone Developer";
				COPY_PHASE_STRIP = NO;
				DEBUG_INFORMATION_FORMAT = "dwarf-with-dsym";
				ENABLE_NS_ASSERTIONS = NO;
				ENABLE_STRICT_OBJC_MSGSEND = YES;
				GCC_C_LANGUAGE_STANDARD = gnu11;
				GCC_NO_COMMON_BLOCKS = YES;
				GCC_WARN_64_TO_32_BIT_CONVERSION = YES;
				GCC_WARN_ABOUT_RETURN_TYPE = YES_ERROR;
				GCC_WARN_UNDECLARED_SELECTOR = YES;
				GCC_WARN_UNINITIALIZED_AUTOS = YES_AGGRESSIVE;
				GCC_WARN_UNUSED_FUNCTION = YES;
				GCC_WARN_UNUSED_VARIABLE = YES;
				IPHONEOS_DEPLOYMENT_TARGET = 11.0;
				MTL_ENABLE_DEBUG_INFO = NO;
				SDKROOT = iphoneos;
				VALIDATE_PRODUCT = YES;
			};
			name = Release;
		};
		48CAC5DF1FA0AD610039A2E2 /* Debug */ = {
			isa = XCBuildConfiguration;
			baseConfigurationReference = EA9CA8D7C6270F46503714D7 /* Pods-TimelyMoves.debug.xcconfig */;
			buildSettings = {
				ASSETCATALOG_COMPILER_APPICON_NAME = AppIcon;
				CODE_SIGN_STYLE = Automatic;
				DEVELOPMENT_TEAM = Z97F83GR8X;
				INFOPLIST_FILE = TimelyMoves/Info.plist;
				LD_RUNPATH_SEARCH_PATHS = "$(inherited) @executable_path/Frameworks";
				PRODUCT_BUNDLE_IDENTIFIER = timelyMoves.test.TimelyMoves;
				PRODUCT_NAME = "$(TARGET_NAME)";
				TARGETED_DEVICE_FAMILY = "1,2";
			};
			name = Debug;
		};
		48CAC5E01FA0AD610039A2E2 /* Release */ = {
			isa = XCBuildConfiguration;
			baseConfigurationReference = D7F68077C2F6D520C34F22E7 /* Pods-TimelyMoves.release.xcconfig */;
			buildSettings = {
				ASSETCATALOG_COMPILER_APPICON_NAME = AppIcon;
				CODE_SIGN_STYLE = Automatic;
				DEVELOPMENT_TEAM = Z97F83GR8X;
				INFOPLIST_FILE = TimelyMoves/Info.plist;
				LD_RUNPATH_SEARCH_PATHS = "$(inherited) @executable_path/Frameworks";
				PRODUCT_BUNDLE_IDENTIFIER = timelyMoves.test.TimelyMoves;
				PRODUCT_NAME = "$(TARGET_NAME)";
				TARGETED_DEVICE_FAMILY = "1,2";
			};
			name = Release;
		};
		48CF72641FA235C900652479 /* Debug */ = {
			isa = XCBuildConfiguration;
			buildSettings = {
				BUNDLE_LOADER = "$(TEST_HOST)";
				CODE_SIGN_STYLE = Automatic;
				INFOPLIST_FILE = TimelyMovesTests/Info.plist;
				LD_RUNPATH_SEARCH_PATHS = "$(inherited) @executable_path/Frameworks @loader_path/Frameworks";
				PRODUCT_BUNDLE_IDENTIFIER = timelyMoves.test.TimelyMovesTests;
				PRODUCT_NAME = "$(TARGET_NAME)";
				TARGETED_DEVICE_FAMILY = "1,2";
				TEST_HOST = "$(BUILT_PRODUCTS_DIR)/TimelyMoves.app/TimelyMoves";
			};
			name = Debug;
		};
		48CF72651FA235C900652479 /* Release */ = {
			isa = XCBuildConfiguration;
			buildSettings = {
				BUNDLE_LOADER = "$(TEST_HOST)";
				CODE_SIGN_STYLE = Automatic;
				INFOPLIST_FILE = TimelyMovesTests/Info.plist;
				LD_RUNPATH_SEARCH_PATHS = "$(inherited) @executable_path/Frameworks @loader_path/Frameworks";
				PRODUCT_BUNDLE_IDENTIFIER = timelyMoves.test.TimelyMovesTests;
				PRODUCT_NAME = "$(TARGET_NAME)";
				TARGETED_DEVICE_FAMILY = "1,2";
				TEST_HOST = "$(BUILT_PRODUCTS_DIR)/TimelyMoves.app/TimelyMoves";
			};
			name = Release;
		};
/* End XCBuildConfiguration section */

/* Begin XCConfigurationList section */
		48CAC5C31FA0AD610039A2E2 /* Build configuration list for PBXProject "TimelyMoves" */ = {
			isa = XCConfigurationList;
			buildConfigurations = (
				48CAC5DC1FA0AD610039A2E2 /* Debug */,
				48CAC5DD1FA0AD610039A2E2 /* Release */,
			);
			defaultConfigurationIsVisible = 0;
			defaultConfigurationName = Release;
		};
		48CAC5DE1FA0AD610039A2E2 /* Build configuration list for PBXNativeTarget "TimelyMoves" */ = {
			isa = XCConfigurationList;
			buildConfigurations = (
				48CAC5DF1FA0AD610039A2E2 /* Debug */,
				48CAC5E01FA0AD610039A2E2 /* Release */,
			);
			defaultConfigurationIsVisible = 0;
			defaultConfigurationName = Release;
		};
		48CF72661FA235C900652479 /* Build configuration list for PBXNativeTarget "TimelyMovesTests" */ = {
			isa = XCConfigurationList;
			buildConfigurations = (
				48CF72641FA235C900652479 /* Debug */,
				48CF72651FA235C900652479 /* Release */,
			);
			defaultConfigurationIsVisible = 0;
			defaultConfigurationName = Release;
		};
/* End XCConfigurationList section */
	};
	rootObject = 48CAC5C01FA0AD610039A2E2 /* Project object */;
}
